// !$*UTF8*$!
{
	archiveVersion = 1;
	classes = {
	};
	objectVersion = 56;
	objects = {

/* Begin PBXBuildFile section */
		7591045F29AEF44E0062D36A /* ScrumProgressViewStyle.swift in Sources */ = {isa = PBXBuildFile; fileRef = 7591045E29AEF44E0062D36A /* ScrumProgressViewStyle.swift */; };
		7591046229AEF82A0062D36A /* ScrumTimer.swift in Sources */ = {isa = PBXBuildFile; fileRef = 7591046029AEF8290062D36A /* ScrumTimer.swift */; };
		7591046329AEF82A0062D36A /* AVPlayer+Ding.swift in Sources */ = {isa = PBXBuildFile; fileRef = 7591046129AEF8290062D36A /* AVPlayer+Ding.swift */; };
		7591046529AEFE350062D36A /* MeetingFooterView.swift in Sources */ = {isa = PBXBuildFile; fileRef = 7591046429AEFE350062D36A /* MeetingFooterView.swift */; };
		7591046829AF19EA0062D36A /* ding.wav in Resources */ = {isa = PBXBuildFile; fileRef = 7591046729AF19E90062D36A /* ding.wav */; };
		7591046C29AF23D10062D36A /* History.swift in Sources */ = {isa = PBXBuildFile; fileRef = 7591046B29AF23D10062D36A /* History.swift */; };
		75C9082929AD9CC800C68295 /* ScrumdingerApp.swift in Sources */ = {isa = PBXBuildFile; fileRef = 75C9082829AD9CC800C68295 /* ScrumdingerApp.swift */; };
		75C9082B29AD9CC800C68295 /* MeetingView.swift in Sources */ = {isa = PBXBuildFile; fileRef = 75C9082A29AD9CC800C68295 /* MeetingView.swift */; };
		75C9082D29AD9CCA00C68295 /* Assets.xcassets in Resources */ = {isa = PBXBuildFile; fileRef = 75C9082C29AD9CCA00C68295 /* Assets.xcassets */; };
		75C9083129AD9CCA00C68295 /* Preview Assets.xcassets in Resources */ = {isa = PBXBuildFile; fileRef = 75C9083029AD9CCA00C68295 /* Preview Assets.xcassets */; };
		75C9083929ADA5E800C68295 /* Theme.swift in Sources */ = {isa = PBXBuildFile; fileRef = 75C9083829ADA5E800C68295 /* Theme.swift */; };
		75C9083B29ADA7D300C68295 /* DailyScrum.swift in Sources */ = {isa = PBXBuildFile; fileRef = 75C9083A29ADA7D300C68295 /* DailyScrum.swift */; };
		75C9083D29ADA8E400C68295 /* CardView.swift in Sources */ = {isa = PBXBuildFile; fileRef = 75C9083C29ADA8E400C68295 /* CardView.swift */; };
		75C9083F29ADAA1900C68295 /* TrailingIconLabelStyle.swift in Sources */ = {isa = PBXBuildFile; fileRef = 75C9083E29ADAA1900C68295 /* TrailingIconLabelStyle.swift */; };
		75C9084129ADAB7200C68295 /* ScrumsView.swift in Sources */ = {isa = PBXBuildFile; fileRef = 75C9084029ADAB7200C68295 /* ScrumsView.swift */; };
		75C9084329ADBFAF00C68295 /* DetailView.swift in Sources */ = {isa = PBXBuildFile; fileRef = 75C9084229ADBFAF00C68295 /* DetailView.swift */; };
		75C9084529ADCCCC00C68295 /* DetailEditView.swift in Sources */ = {isa = PBXBuildFile; fileRef = 75C9084429ADCCCC00C68295 /* DetailEditView.swift */; };
		75C9084729ADD51C00C68295 /* ThemeView.swift in Sources */ = {isa = PBXBuildFile; fileRef = 75C9084629ADD51C00C68295 /* ThemeView.swift */; };
		75C9084929ADD59700C68295 /* ThemePicker.swift in Sources */ = {isa = PBXBuildFile; fileRef = 75C9084829ADD59700C68295 /* ThemePicker.swift */; };
		75C9084B29AE48DD00C68295 /* MeetingHeaderView.swift in Sources */ = {isa = PBXBuildFile; fileRef = 75C9084A29AE48DD00C68295 /* MeetingHeaderView.swift */; };
/* End PBXBuildFile section */

/* Begin PBXFileReference section */
		7591045E29AEF44E0062D36A /* ScrumProgressViewStyle.swift */ = {isa = PBXFileReference; fileEncoding = 4; lastKnownFileType = sourcecode.swift; path = ScrumProgressViewStyle.swift; sourceTree = "<group>"; };
		7591046029AEF8290062D36A /* ScrumTimer.swift */ = {isa = PBXFileReference; fileEncoding = 4; lastKnownFileType = sourcecode.swift; path = ScrumTimer.swift; sourceTree = "<group>"; };
		7591046129AEF8290062D36A /* AVPlayer+Ding.swift */ = {isa = PBXFileReference; fileEncoding = 4; lastKnownFileType = sourcecode.swift; path = "AVPlayer+Ding.swift"; sourceTree = "<group>"; };
		7591046429AEFE350062D36A /* MeetingFooterView.swift */ = {isa = PBXFileReference; lastKnownFileType = sourcecode.swift; path = MeetingFooterView.swift; sourceTree = "<group>"; };
		7591046729AF19E90062D36A /* ding.wav */ = {isa = PBXFileReference; lastKnownFileType = audio.wav; path = ding.wav; sourceTree = "<group>"; };
		7591046B29AF23D10062D36A /* History.swift */ = {isa = PBXFileReference; lastKnownFileType = sourcecode.swift; path = History.swift; sourceTree = "<group>"; };
		75C9082529AD9CC800C68295 /* Scrumdinger.app */ = {isa = PBXFileReference; explicitFileType = wrapper.application; includeInIndex = 0; path = Scrumdinger.app; sourceTree = BUILT_PRODUCTS_DIR; };
		75C9082829AD9CC800C68295 /* ScrumdingerApp.swift */ = {isa = PBXFileReference; lastKnownFileType = sourcecode.swift; path = ScrumdingerApp.swift; sourceTree = "<group>"; };
		75C9082A29AD9CC800C68295 /* MeetingView.swift */ = {isa = PBXFileReference; lastKnownFileType = sourcecode.swift; path = MeetingView.swift; sourceTree = "<group>"; };
		75C9082C29AD9CCA00C68295 /* Assets.xcassets */ = {isa = PBXFileReference; lastKnownFileType = folder.assetcatalog; path = Assets.xcassets; sourceTree = "<group>"; };
		75C9082E29AD9CCA00C68295 /* Scrumdinger.entitlements */ = {isa = PBXFileReference; lastKnownFileType = text.plist.entitlements; path = Scrumdinger.entitlements; sourceTree = "<group>"; };
		75C9083029AD9CCA00C68295 /* Preview Assets.xcassets */ = {isa = PBXFileReference; lastKnownFileType = folder.assetcatalog; path = "Preview Assets.xcassets"; sourceTree = "<group>"; };
		75C9083829ADA5E800C68295 /* Theme.swift */ = {isa = PBXFileReference; lastKnownFileType = sourcecode.swift; path = Theme.swift; sourceTree = "<group>"; };
		75C9083A29ADA7D300C68295 /* DailyScrum.swift */ = {isa = PBXFileReference; lastKnownFileType = sourcecode.swift; path = DailyScrum.swift; sourceTree = "<group>"; };
		75C9083C29ADA8E400C68295 /* CardView.swift */ = {isa = PBXFileReference; lastKnownFileType = sourcecode.swift; path = CardView.swift; sourceTree = "<group>"; };
		75C9083E29ADAA1900C68295 /* TrailingIconLabelStyle.swift */ = {isa = PBXFileReference; lastKnownFileType = sourcecode.swift; path = TrailingIconLabelStyle.swift; sourceTree = "<group>"; };
		75C9084029ADAB7200C68295 /* ScrumsView.swift */ = {isa = PBXFileReference; lastKnownFileType = sourcecode.swift; path = ScrumsView.swift; sourceTree = "<group>"; };
		75C9084229ADBFAF00C68295 /* DetailView.swift */ = {isa = PBXFileReference; lastKnownFileType = sourcecode.swift; path = DetailView.swift; sourceTree = "<group>"; };
		75C9084429ADCCCC00C68295 /* DetailEditView.swift */ = {isa = PBXFileReference; lastKnownFileType = sourcecode.swift; path = DetailEditView.swift; sourceTree = "<group>"; };
		75C9084629ADD51C00C68295 /* ThemeView.swift */ = {isa = PBXFileReference; lastKnownFileType = sourcecode.swift; path = ThemeView.swift; sourceTree = "<group>"; };
		75C9084829ADD59700C68295 /* ThemePicker.swift */ = {isa = PBXFileReference; lastKnownFileType = sourcecode.swift; path = ThemePicker.swift; sourceTree = "<group>"; };
		75C9084A29AE48DD00C68295 /* MeetingHeaderView.swift */ = {isa = PBXFileReference; lastKnownFileType = sourcecode.swift; path = MeetingHeaderView.swift; sourceTree = "<group>"; };
/* End PBXFileReference section */

/* Begin PBXFrameworksBuildPhase section */
		75C9082229AD9CC800C68295 /* Frameworks */ = {
			isa = PBXFrameworksBuildPhase;
			buildActionMask = 2147483647;
			files = (
			);
			runOnlyForDeploymentPostprocessing = 0;
		};
/* End PBXFrameworksBuildPhase section */

/* Begin PBXGroup section */
		7591046629AF19CF0062D36A /* Resources */ = {
			isa = PBXGroup;
			children = (
				7591046729AF19E90062D36A /* ding.wav */,
			);
			path = Resources;
			sourceTree = "<group>";
		};
		75C9081C29AD9CC800C68295 = {
			isa = PBXGroup;
			children = (
				75C9082629AD9CC800C68295 /* Products */,
				75C9082729AD9CC800C68295 /* Scrumdinger */,
			);
			sourceTree = "<group>";
		};
		75C9082629AD9CC800C68295 /* Products */ = {
			isa = PBXGroup;
			children = (
				75C9082529AD9CC800C68295 /* Scrumdinger.app */,
			);
			name = Products;
			sourceTree = "<group>";
		};
		75C9082729AD9CC800C68295 /* Scrumdinger */ = {
			isa = PBXGroup;
			children = (
				75C9082E29AD9CCA00C68295 /* Scrumdinger.entitlements */,
				75C9083C29ADA8E400C68295 /* CardView.swift */,
				75C9084429ADCCCC00C68295 /* DetailEditView.swift */,
				75C9084229ADBFAF00C68295 /* DetailView.swift */,
				7591046B29AF23D10062D36A /* History.swift */,
				7591046429AEFE350062D36A /* MeetingFooterView.swift */,
				75C9084A29AE48DD00C68295 /* MeetingHeaderView.swift */,
				75C9082A29AD9CC800C68295 /* MeetingView.swift */,
				75C9082829AD9CC800C68295 /* ScrumdingerApp.swift */,
				7591045E29AEF44E0062D36A /* ScrumProgressViewStyle.swift */,
				75C9084029ADAB7200C68295 /* ScrumsView.swift */,
				75C9084829ADD59700C68295 /* ThemePicker.swift */,
				75C9084629ADD51C00C68295 /* ThemeView.swift */,
				75C9083E29ADAA1900C68295 /* TrailingIconLabelStyle.swift */,
				75C9082C29AD9CCA00C68295 /* Assets.xcassets */,
				75C9083729ADA5DB00C68295 /* Models */,
				75C9082F29AD9CCA00C68295 /* Preview Content */,
				7591046629AF19CF0062D36A /* Resources */,
			);
			path = Scrumdinger;
			sourceTree = "<group>";
		};
		75C9082F29AD9CCA00C68295 /* Preview Content */ = {
			isa = PBXGroup;
			children = (
				75C9083029AD9CCA00C68295 /* Preview Assets.xcassets */,
			);
			path = "Preview Content";
			sourceTree = "<group>";
		};
		75C9083729ADA5DB00C68295 /* Models */ = {
			isa = PBXGroup;
			children = (
				7591046129AEF8290062D36A /* AVPlayer+Ding.swift */,
				75C9083A29ADA7D300C68295 /* DailyScrum.swift */,
				7591046029AEF8290062D36A /* ScrumTimer.swift */,
				75C9083829ADA5E800C68295 /* Theme.swift */,
			);
			path = Models;
			sourceTree = "<group>";
		};
/* End PBXGroup section */

/* Begin PBXNativeTarget section */
		75C9082429AD9CC800C68295 /* Scrumdinger */ = {
			isa = PBXNativeTarget;
			buildConfigurationList = 75C9083429AD9CCA00C68295 /* Build configuration list for PBXNativeTarget "Scrumdinger" */;
			buildPhases = (
				75C9082129AD9CC800C68295 /* Sources */,
				75C9082229AD9CC800C68295 /* Frameworks */,
				75C9082329AD9CC800C68295 /* Resources */,
			);
			buildRules = (
			);
			dependencies = (
			);
			name = Scrumdinger;
			productName = Scrumdinger;
			productReference = 75C9082529AD9CC800C68295 /* Scrumdinger.app */;
			productType = "com.apple.product-type.application";
		};
/* End PBXNativeTarget section */

/* Begin PBXProject section */
		75C9081D29AD9CC800C68295 /* Project object */ = {
			isa = PBXProject;
			attributes = {
				BuildIndependentTargetsInParallel = 1;
				LastSwiftUpdateCheck = 1420;
				LastUpgradeCheck = 1420;
				TargetAttributes = {
					75C9082429AD9CC800C68295 = {
						CreatedOnToolsVersion = 14.2;
					};
				};
			};
			buildConfigurationList = 75C9082029AD9CC800C68295 /* Build configuration list for PBXProject "Scrumdinger" */;
			compatibilityVersion = "Xcode 14.0";
			developmentRegion = en;
			hasScannedForEncodings = 0;
			knownRegions = (
				en,
				Base,
			);
			mainGroup = 75C9081C29AD9CC800C68295;
			productRefGroup = 75C9082629AD9CC800C68295 /* Products */;
			projectDirPath = "";
			projectRoot = "";
			targets = (
				75C9082429AD9CC800C68295 /* Scrumdinger */,
			);
		};
/* End PBXProject section */

/* Begin PBXResourcesBuildPhase section */
		75C9082329AD9CC800C68295 /* Resources */ = {
			isa = PBXResourcesBuildPhase;
			buildActionMask = 2147483647;
			files = (
				7591046829AF19EA0062D36A /* ding.wav in Resources */,
				75C9083129AD9CCA00C68295 /* Preview Assets.xcassets in Resources */,
				75C9082D29AD9CCA00C68295 /* Assets.xcassets in Resources */,
			);
			runOnlyForDeploymentPostprocessing = 0;
		};
/* End PBXResourcesBuildPhase section */

/* Begin PBXSourcesBuildPhase section */
		75C9082129AD9CC800C68295 /* Sources */ = {
			isa = PBXSourcesBuildPhase;
			buildActionMask = 2147483647;
			files = (
				7591046C29AF23D10062D36A /* History.swift in Sources */,
				75C9084929ADD59700C68295 /* ThemePicker.swift in Sources */,
				7591045F29AEF44E0062D36A /* ScrumProgressViewStyle.swift in Sources */,
				7591046229AEF82A0062D36A /* ScrumTimer.swift in Sources */,
				75C9083B29ADA7D300C68295 /* DailyScrum.swift in Sources */,
				7591046329AEF82A0062D36A /* AVPlayer+Ding.swift in Sources */,
				7591046529AEFE350062D36A /* MeetingFooterView.swift in Sources */,
				75C9084329ADBFAF00C68295 /* DetailView.swift in Sources */,
				75C9084B29AE48DD00C68295 /* MeetingHeaderView.swift in Sources */,
				75C9084529ADCCCC00C68295 /* DetailEditView.swift in Sources */,
				75C9083F29ADAA1900C68295 /* TrailingIconLabelStyle.swift in Sources */,
				75C9083929ADA5E800C68295 /* Theme.swift in Sources */,
				75C9084129ADAB7200C68295 /* ScrumsView.swift in Sources */,
				75C9082B29AD9CC800C68295 /* MeetingView.swift in Sources */,
				75C9082929AD9CC800C68295 /* ScrumdingerApp.swift in Sources */,
				75C9084729ADD51C00C68295 /* ThemeView.swift in Sources */,
				75C9083D29ADA8E400C68295 /* CardView.swift in Sources */,
			);
			runOnlyForDeploymentPostprocessing = 0;
		};
/* End PBXSourcesBuildPhase section */

/* Begin XCBuildConfiguration section */
		75C9083229AD9CCA00C68295 /* Debug */ = {
			isa = XCBuildConfiguration;
			buildSettings = {
				ALWAYS_SEARCH_USER_PATHS = NO;
				CLANG_ANALYZER_NONNULL = YES;
				CLANG_ANALYZER_NUMBER_OBJECT_CONVERSION = YES_AGGRESSIVE;
				CLANG_CXX_LANGUAGE_STANDARD = "gnu++20";
				CLANG_ENABLE_MODULES = YES;
				CLANG_ENABLE_OBJC_ARC = YES;
				CLANG_ENABLE_OBJC_WEAK = YES;
				CLANG_WARN_BLOCK_CAPTURE_AUTORELEASING = YES;
				CLANG_WARN_BOOL_CONVERSION = YES;
				CLANG_WARN_COMMA = YES;
				CLANG_WARN_CONSTANT_CONVERSION = YES;
				CLANG_WARN_DEPRECATED_OBJC_IMPLEMENTATIONS = YES;
				CLANG_WARN_DIRECT_OBJC_ISA_USAGE = YES_ERROR;
				CLANG_WARN_DOCUMENTATION_COMMENTS = YES;
				CLANG_WARN_EMPTY_BODY = YES;
				CLANG_WARN_ENUM_CONVERSION = YES;
				CLANG_WARN_INFINITE_RECURSION = YES;
				CLANG_WARN_INT_CONVERSION = YES;
				CLANG_WARN_NON_LITERAL_NULL_CONVERSION = YES;
				CLANG_WARN_OBJC_IMPLICIT_RETAIN_SELF = YES;
				CLANG_WARN_OBJC_LITERAL_CONVERSION = YES;
				CLANG_WARN_OBJC_ROOT_CLASS = YES_ERROR;
				CLANG_WARN_QUOTED_INCLUDE_IN_FRAMEWORK_HEADER = YES;
				CLANG_WARN_RANGE_LOOP_ANALYSIS = YES;
				CLANG_WARN_STRICT_PROTOTYPES = YES;
				CLANG_WARN_SUSPICIOUS_MOVE = YES;
				CLANG_WARN_UNGUARDED_AVAILABILITY = YES_AGGRESSIVE;
				CLANG_WARN_UNREACHABLE_CODE = YES;
				CLANG_WARN__DUPLICATE_METHOD_MATCH = YES;
				COPY_PHASE_STRIP = NO;
				DEBUG_INFORMATION_FORMAT = dwarf;
				ENABLE_STRICT_OBJC_MSGSEND = YES;
				ENABLE_TESTABILITY = YES;
				GCC_C_LANGUAGE_STANDARD = gnu11;
				GCC_DYNAMIC_NO_PIC = NO;
				GCC_NO_COMMON_BLOCKS = YES;
				GCC_OPTIMIZATION_LEVEL = 0;
				GCC_PREPROCESSOR_DEFINITIONS = (
					"DEBUG=1",
					"$(inherited)",
				);
				GCC_WARN_64_TO_32_BIT_CONVERSION = YES;
				GCC_WARN_ABOUT_RETURN_TYPE = YES_ERROR;
				GCC_WARN_UNDECLARED_SELECTOR = YES;
				GCC_WARN_UNINITIALIZED_AUTOS = YES_AGGRESSIVE;
				GCC_WARN_UNUSED_FUNCTION = YES;
				GCC_WARN_UNUSED_VARIABLE = YES;
				MTL_ENABLE_DEBUG_INFO = INCLUDE_SOURCE;
				MTL_FAST_MATH = YES;
				ONLY_ACTIVE_ARCH = YES;
				SWIFT_ACTIVE_COMPILATION_CONDITIONS = DEBUG;
				SWIFT_OPTIMIZATION_LEVEL = "-Onone";
			};
			name = Debug;
		};
		75C9083329AD9CCA00C68295 /* Release */ = {
			isa = XCBuildConfiguration;
			buildSettings = {
				ALWAYS_SEARCH_USER_PATHS = NO;
				CLANG_ANALYZER_NONNULL = YES;
				CLANG_ANALYZER_NUMBER_OBJECT_CONVERSION = YES_AGGRESSIVE;
				CLANG_CXX_LANGUAGE_STANDARD = "gnu++20";
				CLANG_ENABLE_MODULES = YES;
				CLANG_ENABLE_OBJC_ARC = YES;
				CLANG_ENABLE_OBJC_WEAK = YES;
				CLANG_WARN_BLOCK_CAPTURE_AUTORELEASING = YES;
				CLANG_WARN_BOOL_CONVERSION = YES;
				CLANG_WARN_COMMA = YES;
				CLANG_WARN_CONSTANT_CONVERSION = YES;
				CLANG_WARN_DEPRECATED_OBJC_IMPLEMENTATIONS = YES;
				CLANG_WARN_DIRECT_OBJC_ISA_USAGE = YES_ERROR;
				CLANG_WARN_DOCUMENTATION_COMMENTS = YES;
				CLANG_WARN_EMPTY_BODY = YES;
				CLANG_WARN_ENUM_CONVERSION = YES;
				CLANG_WARN_INFINITE_RECURSION = YES;
				CLANG_WARN_INT_CONVERSION = YES;
				CLANG_WARN_NON_LITERAL_NULL_CONVERSION = YES;
				CLANG_WARN_OBJC_IMPLICIT_RETAIN_SELF = YES;
				CLANG_WARN_OBJC_LITERAL_CONVERSION = YES;
				CLANG_WARN_OBJC_ROOT_CLASS = YES_ERROR;
				CLANG_WARN_QUOTED_INCLUDE_IN_FRAMEWORK_HEADER = YES;
				CLANG_WARN_RANGE_LOOP_ANALYSIS = YES;
				CLANG_WARN_STRICT_PROTOTYPES = YES;
				CLANG_WARN_SUSPICIOUS_MOVE = YES;
				CLANG_WARN_UNGUARDED_AVAILABILITY = YES_AGGRESSIVE;
				CLANG_WARN_UNREACHABLE_CODE = YES;
				CLANG_WARN__DUPLICATE_METHOD_MATCH = YES;
				COPY_PHASE_STRIP = NO;
				DEBUG_INFORMATION_FORMAT = "dwarf-with-dsym";
				ENABLE_NS_ASSERTIONS = NO;
				ENABLE_STRICT_OBJC_MSGSEND = YES;
				GCC_C_LANGUAGE_STANDARD = gnu11;
				GCC_NO_COMMON_BLOCKS = YES;
				GCC_WARN_64_TO_32_BIT_CONVERSION = YES;
				GCC_WARN_ABOUT_RETURN_TYPE = YES_ERROR;
				GCC_WARN_UNDECLARED_SELECTOR = YES;
				GCC_WARN_UNINITIALIZED_AUTOS = YES_AGGRESSIVE;
				GCC_WARN_UNUSED_FUNCTION = YES;
				GCC_WARN_UNUSED_VARIABLE = YES;
				MTL_ENABLE_DEBUG_INFO = NO;
				MTL_FAST_MATH = YES;
				SWIFT_COMPILATION_MODE = wholemodule;
				SWIFT_OPTIMIZATION_LEVEL = "-O";
			};
			name = Release;
		};
		75C9083529AD9CCA00C68295 /* Debug */ = {
			isa = XCBuildConfiguration;
			buildSettings = {
				ASSETCATALOG_COMPILER_APPICON_NAME = AppIcon;
				ASSETCATALOG_COMPILER_GLOBAL_ACCENT_COLOR_NAME = AccentColor;
				CODE_SIGN_ENTITLEMENTS = Scrumdinger/Scrumdinger.entitlements;
				CODE_SIGN_STYLE = Automatic;
				CURRENT_PROJECT_VERSION = 1;
				DEVELOPMENT_ASSET_PATHS = "\"Scrumdinger/Preview Content\"";
				DEVELOPMENT_TEAM = V44MB2N2XB;
				ENABLE_HARDENED_RUNTIME = YES;
				ENABLE_PREVIEWS = YES;
				GENERATE_INFOPLIST_FILE = YES;
				"INFOPLIST_KEY_UIApplicationSceneManifest_Generation[sdk=iphoneos*]" = YES;
				"INFOPLIST_KEY_UIApplicationSceneManifest_Generation[sdk=iphonesimulator*]" = YES;
				"INFOPLIST_KEY_UIApplicationSupportsIndirectInputEvents[sdk=iphoneos*]" = YES;
				"INFOPLIST_KEY_UIApplicationSupportsIndirectInputEvents[sdk=iphonesimulator*]" = YES;
				"INFOPLIST_KEY_UILaunchScreen_Generation[sdk=iphoneos*]" = YES;
				"INFOPLIST_KEY_UILaunchScreen_Generation[sdk=iphonesimulator*]" = YES;
				"INFOPLIST_KEY_UIStatusBarStyle[sdk=iphoneos*]" = UIStatusBarStyleDefault;
				"INFOPLIST_KEY_UIStatusBarStyle[sdk=iphonesimulator*]" = UIStatusBarStyleDefault;
				INFOPLIST_KEY_UISupportedInterfaceOrientations_iPad = "UIInterfaceOrientationPortrait UIInterfaceOrientationPortraitUpsideDown UIInterfaceOrientationLandscapeLeft UIInterfaceOrientationLandscapeRight";
				INFOPLIST_KEY_UISupportedInterfaceOrientations_iPhone = "UIInterfaceOrientationPortrait UIInterfaceOrientationLandscapeLeft UIInterfaceOrientationLandscapeRight";
				IPHONEOS_DEPLOYMENT_TARGET = 16.2;
				LD_RUNPATH_SEARCH_PATHS = "@executable_path/Frameworks";
				"LD_RUNPATH_SEARCH_PATHS[sdk=macosx*]" = "@executable_path/../Frameworks";
				MACOSX_DEPLOYMENT_TARGET = 13.1;
				MARKETING_VERSION = 1.0;
				PRODUCT_BUNDLE_IDENTIFIER = ltd.whatsin.Scrumdinger;
				PRODUCT_NAME = "$(TARGET_NAME)";
				SDKROOT = auto;
				SUPPORTED_PLATFORMS = "iphoneos iphonesimulator macosx";
				SWIFT_EMIT_LOC_STRINGS = YES;
				SWIFT_VERSION = 5.0;
				TARGETED_DEVICE_FAMILY = "1,2";
			};
			name = Debug;
		};
		75C9083629AD9CCA00C68295 /* Release */ = {
			isa = XCBuildConfiguration;
			buildSettings = {
				ASSETCATALOG_COMPILER_APPICON_NAME = AppIcon;
				ASSETCATALOG_COMPILER_GLOBAL_ACCENT_COLOR_NAME = AccentColor;
				CODE_SIGN_ENTITLEMENTS = Scrumdinger/Scrumdinger.entitlements;
				CODE_SIGN_STYLE = Automatic;
				CURRENT_PROJECT_VERSION = 1;
				DEVELOPMENT_ASSET_PATHS = "\"Scrumdinger/Preview Content\"";
				DEVELOPMENT_TEAM = V44MB2N2XB;
				ENABLE_HARDENED_RUNTIME = YES;
				ENABLE_PREVIEWS = YES;
				GENERATE_INFOPLIST_FILE = YES;
				"INFOPLIST_KEY_UIApplicationSceneManifest_Generation[sdk=iphoneos*]" = YES;
				"INFOPLIST_KEY_UIApplicationSceneManifest_Generation[sdk=iphonesimulator*]" = YES;
				"INFOPLIST_KEY_UIApplicationSupportsIndirectInputEvents[sdk=iphoneos*]" = YES;
				"INFOPLIST_KEY_UIApplicationSupportsIndirectInputEvents[sdk=iphonesimulator*]" = YES;
				"INFOPLIST_KEY_UILaunchScreen_Generation[sdk=iphoneos*]" = YES;
				"INFOPLIST_KEY_UILaunchScreen_Generation[sdk=iphonesimulator*]" = YES;
				"INFOPLIST_KEY_UIStatusBarStyle[sdk=iphoneos*]" = UIStatusBarStyleDefault;
				"INFOPLIST_KEY_UIStatusBarStyle[sdk=iphonesimulator*]" = UIStatusBarStyleDefault;
				INFOPLIST_KEY_UISupportedInterfaceOrientations_iPad = "UIInterfaceOrientationPortrait UIInterfaceOrientationPortraitUpsideDown UIInterfaceOrientationLandscapeLeft UIInterfaceOrientationLandscapeRight";
				INFOPLIST_KEY_UISupportedInterfaceOrientations_iPhone = "UIInterfaceOrientationPortrait UIInterfaceOrientationLandscapeLeft UIInterfaceOrientationLandscapeRight";
				IPHONEOS_DEPLOYMENT_TARGET = 16.2;
				LD_RUNPATH_SEARCH_PATHS = "@executable_path/Frameworks";
				"LD_RUNPATH_SEARCH_PATHS[sdk=macosx*]" = "@executable_path/../Frameworks";
				MACOSX_DEPLOYMENT_TARGET = 13.1;
				MARKETING_VERSION = 1.0;
				PRODUCT_BUNDLE_IDENTIFIER = ltd.whatsin.Scrumdinger;
				PRODUCT_NAME = "$(TARGET_NAME)";
				SDKROOT = auto;
				SUPPORTED_PLATFORMS = "iphoneos iphonesimulator macosx";
				SWIFT_EMIT_LOC_STRINGS = YES;
				SWIFT_VERSION = 5.0;
				TARGETED_DEVICE_FAMILY = "1,2";
			};
			name = Release;
		};
/* End XCBuildConfiguration section */

/* Begin XCConfigurationList section */
		75C9082029AD9CC800C68295 /* Build configuration list for PBXProject "Scrumdinger" */ = {
			isa = XCConfigurationList;
			buildConfigurations = (
				75C9083229AD9CCA00C68295 /* Debug */,
				75C9083329AD9CCA00C68295 /* Release */,
			);
			defaultConfigurationIsVisible = 0;
			defaultConfigurationName = Release;
		};
		75C9083429AD9CCA00C68295 /* Build configuration list for PBXNativeTarget "Scrumdinger" */ = {
			isa = XCConfigurationList;
			buildConfigurations = (
				75C9083529AD9CCA00C68295 /* Debug */,
				75C9083629AD9CCA00C68295 /* Release */,
			);
			defaultConfigurationIsVisible = 0;
			defaultConfigurationName = Release;
		};
/* End XCConfigurationList section */
	};
	rootObject = 75C9081D29AD9CC800C68295 /* Project object */;
}
